
Microsoft Visual Studio Solution File, Format Version 12.00
# Visual Studio Version 17
VisualStudioVersion = 17.5.33530.505
MinimumVisualStudioVersion = 10.0.40219.1
Project("{FAE04EC0-301F-11D3-BF4B-00C04F79EFBC}") = "Treinamentos", "Treinamentos\Treinamentos.csproj", "{991E0E25-BC8A-492D-AA4E-65789FCF93FE}"
EndProject
Global
	GlobalSection(SolutionConfigurationPlatforms) = preSolution
		Debug|Any CPU = Debug|Any CPU
		Release|Any CPU = Release|Any CPU
	EndGlobalSection
	GlobalSection(ProjectConfigurationPlatforms) = postSolution
		{991E0E25-BC8A-492D-AA4E-65789FCF93FE}.Debug|Any CPU.ActiveCfg = Debug|Any CPU
		{991E0E25-BC8A-492D-AA4E-65789FCF93FE}.Debug|Any CPU.Build.0 = Debug|Any CPU
		{991E0E25-BC8A-492D-AA4E-65789FCF93FE}.Release|Any CPU.ActiveCfg = Release|Any CPU
		{991E0E25-BC8A-492D-AA4E-65789FCF93FE}.Release|Any CPU.Build.0 = Release|Any CPU
	EndGlobalSection
	GlobalSection(SolutionProperties) = preSolution
		HideSolutionNode = FALSE
	EndGlobalSection
	GlobalSection(ExtensibilityGlobals) = postSolution
		SolutionGuid = {1DA6FE56-067C-4481-BD30-FBB45BD943DD}
	EndGlobalSection
EndGlobal
